
Microsoft Visual Studio Solution File, Format Version 12.00
# Visual Studio Version 17
VisualStudioVersion = 17.6.33815.320
MinimumVisualStudioVersion = 10.0.40219.1
Project("{9A19103F-16F7-4668-BE54-9A1E7A4F7556}") = "FileSaver.Domain", "FileSaver.Domain\FileSaver.Domain.csproj", "{8D02E087-1910-466D-8AE1-DF74B474A4C9}"
EndProject
Project("{FAE04EC0-301F-11D3-BF4B-00C04F79EFBC}") = "FileSaver.Application", "FileSaver.Application\FileSaver.Application.csproj", "{5749C715-3B22-4FCE-9144-54EAA6FE883F}"
EndProject
Project("{FAE04EC0-301F-11D3-BF4B-00C04F79EFBC}") = "FileSaver.Infrastructure", "FileSaver.Infrastructure\FileSaver.Infrastructure.csproj", "{4ECA6C76-0379-4198-BEFC-1A508E9C5CB2}"
EndProject
Project("{FAE04EC0-301F-11D3-BF4B-00C04F79EFBC}") = "FileSaver.API", "FileSaver.API\FileSaver.API.csproj", "{7CC37FE1-4444-48AA-BA75-3C3C618A0C1E}"
EndProject
Global
	GlobalSection(SolutionConfigurationPlatforms) = preSolution
		Debug|Any CPU = Debug|Any CPU
		Release|Any CPU = Release|Any CPU
	EndGlobalSection
	GlobalSection(ProjectConfigurationPlatforms) = postSolution
		{8D02E087-1910-466D-8AE1-DF74B474A4C9}.Debug|Any CPU.ActiveCfg = Debug|Any CPU
		{8D02E087-1910-466D-8AE1-DF74B474A4C9}.Debug|Any CPU.Build.0 = Debug|Any CPU
		{8D02E087-1910-466D-8AE1-DF74B474A4C9}.Release|Any CPU.ActiveCfg = Release|Any CPU
		{8D02E087-1910-466D-8AE1-DF74B474A4C9}.Release|Any CPU.Build.0 = Release|Any CPU
		{5749C715-3B22-4FCE-9144-54EAA6FE883F}.Debug|Any CPU.ActiveCfg = Debug|Any CPU
		{5749C715-3B22-4FCE-9144-54EAA6FE883F}.Debug|Any CPU.Build.0 = Debug|Any CPU
		{5749C715-3B22-4FCE-9144-54EAA6FE883F}.Release|Any CPU.ActiveCfg = Release|Any CPU
		{5749C715-3B22-4FCE-9144-54EAA6FE883F}.Release|Any CPU.Build.0 = Release|Any CPU
		{4ECA6C76-0379-4198-BEFC-1A508E9C5CB2}.Debug|Any CPU.ActiveCfg = Debug|Any CPU
		{4ECA6C76-0379-4198-BEFC-1A508E9C5CB2}.Debug|Any CPU.Build.0 = Debug|Any CPU
		{4ECA6C76-0379-4198-BEFC-1A508E9C5CB2}.Release|Any CPU.ActiveCfg = Release|Any CPU
		{4ECA6C76-0379-4198-BEFC-1A508E9C5CB2}.Release|Any CPU.Build.0 = Release|Any CPU
		{7CC37FE1-4444-48AA-BA75-3C3C618A0C1E}.Debug|Any CPU.ActiveCfg = Debug|Any CPU
		{7CC37FE1-4444-48AA-BA75-3C3C618A0C1E}.Debug|Any CPU.Build.0 = Debug|Any CPU
		{7CC37FE1-4444-48AA-BA75-3C3C618A0C1E}.Release|Any CPU.ActiveCfg = Release|Any CPU
		{7CC37FE1-4444-48AA-BA75-3C3C618A0C1E}.Release|Any CPU.Build.0 = Release|Any CPU
	EndGlobalSection
	GlobalSection(SolutionProperties) = preSolution
		HideSolutionNode = FALSE
	EndGlobalSection
	GlobalSection(ExtensibilityGlobals) = postSolution
		SolutionGuid = {EF9B4ACD-21CF-44B3-A2C5-255C82125952}
	EndGlobalSection
EndGlobal
